// !$*UTF8*$!
{
	archiveVersion = 1;
	classes = {
	};
	objectVersion = 46;
	objects = {

/* Begin PBXBuildFile section */
		C66422D41A9DC89F009E2FC8 /* main.m in Sources */ = {isa = PBXBuildFile; fileRef = C66422D31A9DC89F009E2FC8 /* main.m */; };
		C66422D71A9DC89F009E2FC8 /* AppDelegate.m in Sources */ = {isa = PBXBuildFile; fileRef = C66422D61A9DC89F009E2FC8 /* AppDelegate.m */; };
		C66422DF1A9DC89F009E2FC8 /* Images.xcassets in Resources */ = {isa = PBXBuildFile; fileRef = C66422DE1A9DC89F009E2FC8 /* Images.xcassets */; };
		C66422E21A9DC89F009E2FC8 /* LaunchScreen.xib in Resources */ = {isa = PBXBuildFile; fileRef = C66422E01A9DC89F009E2FC8 /* LaunchScreen.xib */; };
		C66422EE1A9DC89F009E2FC8 /* WKWebView_WBWebViewConsoleTests.m in Sources */ = {isa = PBXBuildFile; fileRef = C66422ED1A9DC89F009E2FC8 /* WKWebView_WBWebViewConsoleTests.m */; };
		C66422F91A9DC913009E2FC8 /* WBWebViewController.m in Sources */ = {isa = PBXBuildFile; fileRef = C66422F81A9DC913009E2FC8 /* WBWebViewController.m */; };
		C66422FC1A9DC99B009E2FC8 /* WBWKWebView.m in Sources */ = {isa = PBXBuildFile; fileRef = C66422FB1A9DC99B009E2FC8 /* WBWKWebView.m */; };
		C66422FE1A9DCB23009E2FC8 /* WebKit.framework in Frameworks */ = {isa = PBXBuildFile; fileRef = C66422FD1A9DCB23009E2FC8 /* WebKit.framework */; };
		F9F5BE1A648BBF7FE2A44B76 /* Pods_WKWebView_WBWebViewConsole.framework in Frameworks */ = {isa = PBXBuildFile; fileRef = 04676ED015DCB0894E97A2C9 /* Pods_WKWebView_WBWebViewConsole.framework */; };
/* End PBXBuildFile section */

/* Begin PBXContainerItemProxy section */
		C66422E81A9DC89F009E2FC8 /* PBXContainerItemProxy */ = {
			isa = PBXContainerItemProxy;
			containerPortal = C66422C61A9DC89F009E2FC8 /* Project object */;
			proxyType = 1;
			remoteGlobalIDString = C66422CD1A9DC89F009E2FC8;
			remoteInfo = "WKWebView+WBWebViewConsole";
		};
/* End PBXContainerItemProxy section */

/* Begin PBXFileReference section */
		04676ED015DCB0894E97A2C9 /* Pods_WKWebView_WBWebViewConsole.framework */ = {isa = PBXFileReference; explicitFileType = wrapper.framework; includeInIndex = 0; path = Pods_WKWebView_WBWebViewConsole.framework; sourceTree = BUILT_PRODUCTS_DIR; };
		28ABF5454F9D30CE260B3E24 /* Pods-WKWebView+WBWebViewConsole.debug.xcconfig */ = {isa = PBXFileReference; includeInIndex = 1; lastKnownFileType = text.xcconfig; name = "Pods-WKWebView+WBWebViewConsole.debug.xcconfig"; path = "Pods/Target Support Files/Pods-WKWebView+WBWebViewConsole/Pods-WKWebView+WBWebViewConsole.debug.xcconfig"; sourceTree = "<group>"; };
		6A5DA57ED4B55483BD9BA4BA /* Pods.framework */ = {isa = PBXFileReference; explicitFileType = wrapper.framework; includeInIndex = 0; path = Pods.framework; sourceTree = BUILT_PRODUCTS_DIR; };
		716283BEC71883A99C46D000 /* Pods-WKWebView+WBWebViewConsole.release.xcconfig */ = {isa = PBXFileReference; includeInIndex = 1; lastKnownFileType = text.xcconfig; name = "Pods-WKWebView+WBWebViewConsole.release.xcconfig"; path = "Pods/Target Support Files/Pods-WKWebView+WBWebViewConsole/Pods-WKWebView+WBWebViewConsole.release.xcconfig"; sourceTree = "<group>"; };
		C66422CE1A9DC89F009E2FC8 /* WKWebView+WBWebViewConsole.app */ = {isa = PBXFileReference; explicitFileType = wrapper.application; includeInIndex = 0; path = "WKWebView+WBWebViewConsole.app"; sourceTree = BUILT_PRODUCTS_DIR; };
		C66422D21A9DC89F009E2FC8 /* Info.plist */ = {isa = PBXFileReference; lastKnownFileType = text.plist.xml; path = Info.plist; sourceTree = "<group>"; };
		C66422D31A9DC89F009E2FC8 /* main.m */ = {isa = PBXFileReference; lastKnownFileType = sourcecode.c.objc; path = main.m; sourceTree = "<group>"; };
		C66422D51A9DC89F009E2FC8 /* AppDelegate.h */ = {isa = PBXFileReference; lastKnownFileType = sourcecode.c.h; path = AppDelegate.h; sourceTree = "<group>"; };
		C66422D61A9DC89F009E2FC8 /* AppDelegate.m */ = {isa = PBXFileReference; lastKnownFileType = sourcecode.c.objc; path = AppDelegate.m; sourceTree = "<group>"; };
		C66422DE1A9DC89F009E2FC8 /* Images.xcassets */ = {isa = PBXFileReference; lastKnownFileType = folder.assetcatalog; path = Images.xcassets; sourceTree = "<group>"; };
		C66422E11A9DC89F009E2FC8 /* Base */ = {isa = PBXFileReference; lastKnownFileType = file.xib; name = Base; path = Base.lproj/LaunchScreen.xib; sourceTree = "<group>"; };
		C66422E71A9DC89F009E2FC8 /* WKWebView+WBWebViewConsoleTests.xctest */ = {isa = PBXFileReference; explicitFileType = wrapper.cfbundle; includeInIndex = 0; path = "WKWebView+WBWebViewConsoleTests.xctest"; sourceTree = BUILT_PRODUCTS_DIR; };
		C66422EC1A9DC89F009E2FC8 /* Info.plist */ = {isa = PBXFileReference; lastKnownFileType = text.plist.xml; path = Info.plist; sourceTree = "<group>"; };
		C66422ED1A9DC89F009E2FC8 /* WKWebView_WBWebViewConsoleTests.m */ = {isa = PBXFileReference; lastKnownFileType = sourcecode.c.objc; path = WKWebView_WBWebViewConsoleTests.m; sourceTree = "<group>"; };
		C66422F71A9DC913009E2FC8 /* WBWebViewController.h */ = {isa = PBXFileReference; fileEncoding = 4; lastKnownFileType = sourcecode.c.h; path = WBWebViewController.h; sourceTree = "<group>"; };
		C66422F81A9DC913009E2FC8 /* WBWebViewController.m */ = {isa = PBXFileReference; fileEncoding = 4; lastKnownFileType = sourcecode.c.objc; path = WBWebViewController.m; sourceTree = "<group>"; };
		C66422FA1A9DC99B009E2FC8 /* WBWKWebView.h */ = {isa = PBXFileReference; fileEncoding = 4; lastKnownFileType = sourcecode.c.h; path = WBWKWebView.h; sourceTree = "<group>"; };
		C66422FB1A9DC99B009E2FC8 /* WBWKWebView.m */ = {isa = PBXFileReference; fileEncoding = 4; lastKnownFileType = sourcecode.c.objc; path = WBWKWebView.m; sourceTree = "<group>"; };
		C66422FD1A9DCB23009E2FC8 /* WebKit.framework */ = {isa = PBXFileReference; lastKnownFileType = wrapper.framework; name = WebKit.framework; path = System/Library/Frameworks/WebKit.framework; sourceTree = SDKROOT; };
/* End PBXFileReference section */

/* Begin PBXFrameworksBuildPhase section */
		C66422CB1A9DC89F009E2FC8 /* Frameworks */ = {
			isa = PBXFrameworksBuildPhase;
			buildActionMask = 2147483647;
			files = (
				C66422FE1A9DCB23009E2FC8 /* WebKit.framework in Frameworks */,
				F9F5BE1A648BBF7FE2A44B76 /* Pods_WKWebView_WBWebViewConsole.framework in Frameworks */,
			);
			runOnlyForDeploymentPostprocessing = 0;
		};
		C66422E41A9DC89F009E2FC8 /* Frameworks */ = {
			isa = PBXFrameworksBuildPhase;
			buildActionMask = 2147483647;
			files = (
			);
			runOnlyForDeploymentPostprocessing = 0;
		};
/* End PBXFrameworksBuildPhase section */

/* Begin PBXGroup section */
		278B7CCD670529CB58129EE2 /* Frameworks */ = {
			isa = PBXGroup;
			children = (
				C66422FD1A9DCB23009E2FC8 /* WebKit.framework */,
				6A5DA57ED4B55483BD9BA4BA /* Pods.framework */,
				04676ED015DCB0894E97A2C9 /* Pods_WKWebView_WBWebViewConsole.framework */,
			);
			name = Frameworks;
			sourceTree = "<group>";
		};
		87F07C09A992970AC8EB3A3A /* Pods */ = {
			isa = PBXGroup;
			children = (
				28ABF5454F9D30CE260B3E24 /* Pods-WKWebView+WBWebViewConsole.debug.xcconfig */,
				716283BEC71883A99C46D000 /* Pods-WKWebView+WBWebViewConsole.release.xcconfig */,
			);
			name = Pods;
			sourceTree = "<group>";
		};
		C66422C51A9DC89F009E2FC8 = {
			isa = PBXGroup;
			children = (
				C66422D01A9DC89F009E2FC8 /* WKWebView+WBWebViewConsole */,
				C66422EA1A9DC89F009E2FC8 /* WKWebView+WBWebViewConsoleTests */,
				C66422CF1A9DC89F009E2FC8 /* Products */,
				278B7CCD670529CB58129EE2 /* Frameworks */,
				87F07C09A992970AC8EB3A3A /* Pods */,
			);
			sourceTree = "<group>";
		};
		C66422CF1A9DC89F009E2FC8 /* Products */ = {
			isa = PBXGroup;
			children = (
				C66422CE1A9DC89F009E2FC8 /* WKWebView+WBWebViewConsole.app */,
				C66422E71A9DC89F009E2FC8 /* WKWebView+WBWebViewConsoleTests.xctest */,
			);
			name = Products;
			sourceTree = "<group>";
		};
		C66422D01A9DC89F009E2FC8 /* WKWebView+WBWebViewConsole */ = {
			isa = PBXGroup;
			children = (
				C66422D51A9DC89F009E2FC8 /* AppDelegate.h */,
				C66422D61A9DC89F009E2FC8 /* AppDelegate.m */,
				C66422FA1A9DC99B009E2FC8 /* WBWKWebView.h */,
				C66422FB1A9DC99B009E2FC8 /* WBWKWebView.m */,
				C66422F71A9DC913009E2FC8 /* WBWebViewController.h */,
				C66422F81A9DC913009E2FC8 /* WBWebViewController.m */,
				C66422DE1A9DC89F009E2FC8 /* Images.xcassets */,
				C66422E01A9DC89F009E2FC8 /* LaunchScreen.xib */,
				C66422D11A9DC89F009E2FC8 /* Supporting Files */,
			);
			path = "WKWebView+WBWebViewConsole";
			sourceTree = "<group>";
		};
		C66422D11A9DC89F009E2FC8 /* Supporting Files */ = {
			isa = PBXGroup;
			children = (
				C66422D21A9DC89F009E2FC8 /* Info.plist */,
				C66422D31A9DC89F009E2FC8 /* main.m */,
			);
			name = "Supporting Files";
			sourceTree = "<group>";
		};
		C66422EA1A9DC89F009E2FC8 /* WKWebView+WBWebViewConsoleTests */ = {
			isa = PBXGroup;
			children = (
				C66422ED1A9DC89F009E2FC8 /* WKWebView_WBWebViewConsoleTests.m */,
				C66422EB1A9DC89F009E2FC8 /* Supporting Files */,
			);
			path = "WKWebView+WBWebViewConsoleTests";
			sourceTree = "<group>";
		};
		C66422EB1A9DC89F009E2FC8 /* Supporting Files */ = {
			isa = PBXGroup;
			children = (
				C66422EC1A9DC89F009E2FC8 /* Info.plist */,
			);
			name = "Supporting Files";
			sourceTree = "<group>";
		};
/* End PBXGroup section */

/* Begin PBXNativeTarget section */
		C66422CD1A9DC89F009E2FC8 /* WKWebView+WBWebViewConsole */ = {
			isa = PBXNativeTarget;
			buildConfigurationList = C66422F11A9DC89F009E2FC8 /* Build configuration list for PBXNativeTarget "WKWebView+WBWebViewConsole" */;
			buildPhases = (
				58A560DF98952F82F4328B93 /* [CP] Check Pods Manifest.lock */,
				C66422CA1A9DC89F009E2FC8 /* Sources */,
				C66422CB1A9DC89F009E2FC8 /* Frameworks */,
				C66422CC1A9DC89F009E2FC8 /* Resources */,
				0D8942CD3F2BC29681A47249 /* [CP] Embed Pods Frameworks */,
				CB28E3162E5CF17C11D5850D /* [CP] Copy Pods Resources */,
			);
			buildRules = (
			);
			dependencies = (
			);
			name = "WKWebView+WBWebViewConsole";
			productName = "WKWebView+WBWebViewConsole";
			productReference = C66422CE1A9DC89F009E2FC8 /* WKWebView+WBWebViewConsole.app */;
			productType = "com.apple.product-type.application";
		};
		C66422E61A9DC89F009E2FC8 /* WKWebView+WBWebViewConsoleTests */ = {
			isa = PBXNativeTarget;
			buildConfigurationList = C66422F41A9DC89F009E2FC8 /* Build configuration list for PBXNativeTarget "WKWebView+WBWebViewConsoleTests" */;
			buildPhases = (
				C66422E31A9DC89F009E2FC8 /* Sources */,
				C66422E41A9DC89F009E2FC8 /* Frameworks */,
				C66422E51A9DC89F009E2FC8 /* Resources */,
			);
			buildRules = (
			);
			dependencies = (
				C66422E91A9DC89F009E2FC8 /* PBXTargetDependency */,
			);
			name = "WKWebView+WBWebViewConsoleTests";
			productName = "WKWebView+WBWebViewConsoleTests";
			productReference = C66422E71A9DC89F009E2FC8 /* WKWebView+WBWebViewConsoleTests.xctest */;
			productType = "com.apple.product-type.bundle.unit-test";
		};
/* End PBXNativeTarget section */

/* Begin PBXProject section */
		C66422C61A9DC89F009E2FC8 /* Project object */ = {
			isa = PBXProject;
			attributes = {
				LastUpgradeCheck = 0610;
				ORGANIZATIONNAME = Sina;
				TargetAttributes = {
					C66422CD1A9DC89F009E2FC8 = {
						CreatedOnToolsVersion = 6.1.1;
					};
					C66422E61A9DC89F009E2FC8 = {
						CreatedOnToolsVersion = 6.1.1;
						TestTargetID = C66422CD1A9DC89F009E2FC8;
					};
				};
			};
			buildConfigurationList = C66422C91A9DC89F009E2FC8 /* Build configuration list for PBXProject "WKWebView+WBWebViewConsole" */;
			compatibilityVersion = "Xcode 3.2";
			developmentRegion = English;
			hasScannedForEncodings = 0;
			knownRegions = (
				en,
				Base,
			);
			mainGroup = C66422C51A9DC89F009E2FC8;
			productRefGroup = C66422CF1A9DC89F009E2FC8 /* Products */;
			projectDirPath = "";
			projectRoot = "";
			targets = (
				C66422CD1A9DC89F009E2FC8 /* WKWebView+WBWebViewConsole */,
				C66422E61A9DC89F009E2FC8 /* WKWebView+WBWebViewConsoleTests */,
			);
		};
/* End PBXProject section */

/* Begin PBXResourcesBuildPhase section */
		C66422CC1A9DC89F009E2FC8 /* Resources */ = {
			isa = PBXResourcesBuildPhase;
			buildActionMask = 2147483647;
			files = (
				C66422E21A9DC89F009E2FC8 /* LaunchScreen.xib in Resources */,
				C66422DF1A9DC89F009E2FC8 /* Images.xcassets in Resources */,
			);
			runOnlyForDeploymentPostprocessing = 0;
		};
		C66422E51A9DC89F009E2FC8 /* Resources */ = {
			isa = PBXResourcesBuildPhase;
			buildActionMask = 2147483647;
			files = (
			);
			runOnlyForDeploymentPostprocessing = 0;
		};
/* End PBXResourcesBuildPhase section */

/* Begin PBXShellScriptBuildPhase section */
		0D8942CD3F2BC29681A47249 /* [CP] Embed Pods Frameworks */ = {
			isa = PBXShellScriptBuildPhase;
			buildActionMask = 2147483647;
			files = (
			);
			inputPaths = (
			);
			name = "[CP] Embed Pods Frameworks";
			outputPaths = (
			);
			runOnlyForDeploymentPostprocessing = 0;
			shellPath = /bin/sh;
			shellScript = "\"${SRCROOT}/Pods/Target Support Files/Pods-WKWebView+WBWebViewConsole/Pods-WKWebView+WBWebViewConsole-frameworks.sh\"\n";
			showEnvVarsInLog = 0;
		};
		58A560DF98952F82F4328B93 /* [CP] Check Pods Manifest.lock */ = {
			isa = PBXShellScriptBuildPhase;
			buildActionMask = 2147483647;
			files = (
			);
			inputPaths = (
			);
			name = "[CP] Check Pods Manifest.lock";
			outputPaths = (
			);
			runOnlyForDeploymentPostprocessing = 0;
			shellPath = /bin/sh;
			shellScript = "diff \"${PODS_ROOT}/../Podfile.lock\" \"${PODS_ROOT}/Manifest.lock\" > /dev/null\nif [ $? != 0 ] ; then\n    # print error to STDERR\n    echo \"error: The sandbox is not in sync with the Podfile.lock. Run 'pod install' or update your CocoaPods installation.\" >&2\n    exit 1\nfi\n";
			showEnvVarsInLog = 0;
		};
		CB28E3162E5CF17C11D5850D /* [CP] Copy Pods Resources */ = {
			isa = PBXShellScriptBuildPhase;
			buildActionMask = 2147483647;
			files = (
			);
			inputPaths = (
			);
			name = "[CP] Copy Pods Resources";
			outputPaths = (
			);
			runOnlyForDeploymentPostprocessing = 0;
			shellPath = /bin/sh;
			shellScript = "\"${SRCROOT}/Pods/Target Support Files/Pods-WKWebView+WBWebViewConsole/Pods-WKWebView+WBWebViewConsole-resources.sh\"\n";
			showEnvVarsInLog = 0;
		};
/* End PBXShellScriptBuildPhase section */

/* Begin PBXSourcesBuildPhase section */
		C66422CA1A9DC89F009E2FC8 /* Sources */ = {
			isa = PBXSourcesBuildPhase;
			buildActionMask = 2147483647;
			files = (
				C66422FC1A9DC99B009E2FC8 /* WBWKWebView.m in Sources */,
				C66422D71A9DC89F009E2FC8 /* AppDelegate.m in Sources */,
				C66422F91A9DC913009E2FC8 /* WBWebViewController.m in Sources */,
				C66422D41A9DC89F009E2FC8 /* main.m in Sources */,
			);
			runOnlyForDeploymentPostprocessing = 0;
		};
		C66422E31A9DC89F009E2FC8 /* Sources */ = {
			isa = PBXSourcesBuildPhase;
			buildActionMask = 2147483647;
			files = (
				C66422EE1A9DC89F009E2FC8 /* WKWebView_WBWebViewConsoleTests.m in Sources */,
			);
			runOnlyForDeploymentPostprocessing = 0;
		};
/* End PBXSourcesBuildPhase section */

/* Begin PBXTargetDependency section */
		C66422E91A9DC89F009E2FC8 /* PBXTargetDependency */ = {
			isa = PBXTargetDependency;
			target = C66422CD1A9DC89F009E2FC8 /* WKWebView+WBWebViewConsole */;
			targetProxy = C66422E81A9DC89F009E2FC8 /* PBXContainerItemProxy */;
		};
/* End PBXTargetDependency section */

/* Begin PBXVariantGroup section */
		C66422E01A9DC89F009E2FC8 /* LaunchScreen.xib */ = {
			isa = PBXVariantGroup;
			children = (
				C66422E11A9DC89F009E2FC8 /* Base */,
			);
			name = LaunchScreen.xib;
			sourceTree = "<group>";
		};
/* End PBXVariantGroup section */

/* Begin XCBuildConfiguration section */
		C66422EF1A9DC89F009E2FC8 /* Debug */ = {
			isa = XCBuildConfiguration;
			buildSettings = {
				ALWAYS_SEARCH_USER_PATHS = NO;
				CLANG_CXX_LANGUAGE_STANDARD = "gnu++0x";
				CLANG_CXX_LIBRARY = "libc++";
				CLANG_ENABLE_MODULES = YES;
				CLANG_ENABLE_OBJC_ARC = YES;
				CLANG_WARN_BOOL_CONVERSION = YES;
				CLANG_WARN_CONSTANT_CONVERSION = YES;
				CLANG_WARN_DIRECT_OBJC_ISA_USAGE = YES_ERROR;
				CLANG_WARN_EMPTY_BODY = YES;
				CLANG_WARN_ENUM_CONVERSION = YES;
				CLANG_WARN_INT_CONVERSION = YES;
				CLANG_WARN_OBJC_ROOT_CLASS = YES_ERROR;
				CLANG_WARN_UNREACHABLE_CODE = YES;
				CLANG_WARN__DUPLICATE_METHOD_MATCH = YES;
				"CODE_SIGN_IDENTITY[sdk=iphoneos*]" = "iPhone Developer";
				COPY_PHASE_STRIP = NO;
				ENABLE_STRICT_OBJC_MSGSEND = YES;
				GCC_C_LANGUAGE_STANDARD = gnu99;
				GCC_DYNAMIC_NO_PIC = NO;
				GCC_OPTIMIZATION_LEVEL = 0;
				GCC_PREPROCESSOR_DEFINITIONS = (
					"DEBUG=1",
					"$(inherited)",
				);
				GCC_SYMBOLS_PRIVATE_EXTERN = NO;
				GCC_WARN_64_TO_32_BIT_CONVERSION = YES;
				GCC_WARN_ABOUT_RETURN_TYPE = YES_ERROR;
				GCC_WARN_UNDECLARED_SELECTOR = YES;
				GCC_WARN_UNINITIALIZED_AUTOS = YES_AGGRESSIVE;
				GCC_WARN_UNUSED_FUNCTION = YES;
				GCC_WARN_UNUSED_VARIABLE = YES;
				IPHONEOS_DEPLOYMENT_TARGET = 8.1;
				MTL_ENABLE_DEBUG_INFO = YES;
				ONLY_ACTIVE_ARCH = YES;
				SDKROOT = iphoneos;
				TARGETED_DEVICE_FAMILY = "1,2";
			};
			name = Debug;
		};
		C66422F01A9DC89F009E2FC8 /* Release */ = {
			isa = XCBuildConfiguration;
			buildSettings = {
				ALWAYS_SEARCH_USER_PATHS = NO;
				CLANG_CXX_LANGUAGE_STANDARD = "gnu++0x";
				CLANG_CXX_LIBRARY = "libc++";
				CLANG_ENABLE_MODULES = YES;
				CLANG_ENABLE_OBJC_ARC = YES;
				CLANG_WARN_BOOL_CONVERSION = YES;
				CLANG_WARN_CONSTANT_CONVERSION = YES;
				CLANG_WARN_DIRECT_OBJC_ISA_USAGE = YES_ERROR;
				CLANG_WARN_EMPTY_BODY = YES;
				CLANG_WARN_ENUM_CONVERSION = YES;
				CLANG_WARN_INT_CONVERSION = YES;
				CLANG_WARN_OBJC_ROOT_CLASS = YES_ERROR;
				CLANG_WARN_UNREACHABLE_CODE = YES;
				CLANG_WARN__DUPLICATE_METHOD_MATCH = YES;
				"CODE_SIGN_IDENTITY[sdk=iphoneos*]" = "iPhone Developer";
				COPY_PHASE_STRIP = YES;
				ENABLE_NS_ASSERTIONS = NO;
				ENABLE_STRICT_OBJC_MSGSEND = YES;
				GCC_C_LANGUAGE_STANDARD = gnu99;
				GCC_WARN_64_TO_32_BIT_CONVERSION = YES;
				GCC_WARN_ABOUT_RETURN_TYPE = YES_ERROR;
				GCC_WARN_UNDECLARED_SELECTOR = YES;
				GCC_WARN_UNINITIALIZED_AUTOS = YES_AGGRESSIVE;
				GCC_WARN_UNUSED_FUNCTION = YES;
				GCC_WARN_UNUSED_VARIABLE = YES;
				IPHONEOS_DEPLOYMENT_TARGET = 8.1;
				MTL_ENABLE_DEBUG_INFO = NO;
				SDKROOT = iphoneos;
				TARGETED_DEVICE_FAMILY = "1,2";
				VALIDATE_PRODUCT = YES;
			};
			name = Release;
		};
		C66422F21A9DC89F009E2FC8 /* Debug */ = {
			isa = XCBuildConfiguration;
			baseConfigurationReference = 28ABF5454F9D30CE260B3E24 /* Pods-WKWebView+WBWebViewConsole.debug.xcconfig */;
			buildSettings = {
				ASSETCATALOG_COMPILER_APPICON_NAME = AppIcon;
				INFOPLIST_FILE = "WKWebView+WBWebViewConsole/Info.plist";
				LD_RUNPATH_SEARCH_PATHS = "$(inherited) @executable_path/Frameworks";
				PRODUCT_NAME = "$(TARGET_NAME)";
			};
			name = Debug;
		};
		C66422F31A9DC89F009E2FC8 /* Release */ = {
			isa = XCBuildConfiguration;
			baseConfigurationReference = 716283BEC71883A99C46D000 /* Pods-WKWebView+WBWebViewConsole.release.xcconfig */;
			buildSettings = {
				ASSETCATALOG_COMPILER_APPICON_NAME = AppIcon;
				INFOPLIST_FILE = "WKWebView+WBWebViewConsole/Info.plist";
				LD_RUNPATH_SEARCH_PATHS = "$(inherited) @executable_path/Frameworks";
				PRODUCT_NAME = "$(TARGET_NAME)";
			};
			name = Release;
		};
		C66422F51A9DC89F009E2FC8 /* Debug */ = {
			isa = XCBuildConfiguration;
			buildSettings = {
				BUNDLE_LOADER = "$(TEST_HOST)";
				FRAMEWORK_SEARCH_PATHS = (
					"$(SDKROOT)/Developer/Library/Frameworks",
					"$(inherited)",
				);
				GCC_PREPROCESSOR_DEFINITIONS = (
					"DEBUG=1",
					"$(inherited)",
				);
				INFOPLIST_FILE = "WKWebView+WBWebViewConsoleTests/Info.plist";
				LD_RUNPATH_SEARCH_PATHS = "$(inherited) @executable_path/Frameworks @loader_path/Frameworks";
				PRODUCT_NAME = "$(TARGET_NAME)";
				TEST_HOST = "$(BUILT_PRODUCTS_DIR)/WKWebView+WBWebViewConsole.app/WKWebView+WBWebViewConsole";
			};
			name = Debug;
		};
		C66422F61A9DC89F009E2FC8 /* Release */ = {
			isa = XCBuildConfiguration;
			buildSettings = {
				BUNDLE_LOADER = "$(TEST_HOST)";
				FRAMEWORK_SEARCH_PATHS = (
					"$(SDKROOT)/Developer/Library/Frameworks",
					"$(inherited)",
				);
				INFOPLIST_FILE = "WKWebView+WBWebViewConsoleTests/Info.plist";
				LD_RUNPATH_SEARCH_PATHS = "$(inherited) @executable_path/Frameworks @loader_path/Frameworks";
				PRODUCT_NAME = "$(TARGET_NAME)";
				TEST_HOST = "$(BUILT_PRODUCTS_DIR)/WKWebView+WBWebViewConsole.app/WKWebView+WBWebViewConsole";
			};
			name = Release;
		};
/* End XCBuildConfiguration section */

/* Begin XCConfigurationList section */
		C66422C91A9DC89F009E2FC8 /* Build configuration list for PBXProject "WKWebView+WBWebViewConsole" */ = {
			isa = XCConfigurationList;
			buildConfigurations = (
				C66422EF1A9DC89F009E2FC8 /* Debug */,
				C66422F01A9DC89F009E2FC8 /* Release */,
			);
			defaultConfigurationIsVisible = 0;
			defaultConfigurationName = Release;
		};
		C66422F11A9DC89F009E2FC8 /* Build configuration list for PBXNativeTarget "WKWebView+WBWebViewConsole" */ = {
			isa = XCConfigurationList;
			buildConfigurations = (
				C66422F21A9DC89F009E2FC8 /* Debug */,
				C66422F31A9DC89F009E2FC8 /* Release */,
			);
			defaultConfigurationIsVisible = 0;
			defaultConfigurationName = Release;
		};
		C66422F41A9DC89F009E2FC8 /* Build configuration list for PBXNativeTarget "WKWebView+WBWebViewConsoleTests" */ = {
			isa = XCConfigurationList;
			buildConfigurations = (
				C66422F51A9DC89F009E2FC8 /* Debug */,
				C66422F61A9DC89F009E2FC8 /* Release */,
			);
			defaultConfigurationIsVisible = 0;
			defaultConfigurationName = Release;
		};
/* End XCConfigurationList section */
	};
	rootObject = C66422C61A9DC89F009E2FC8 /* Project object */;
}
